
Microsoft Visual Studio Solution File, Format Version 12.00
# Visual Studio Version 17
VisualStudioVersion = 17.9.34728.123
MinimumVisualStudioVersion = 10.0.40219.1
Project("{9A19103F-16F7-4668-BE54-9A1E7A4F7556}") = "Mio-Rest-Api", "Mio-Rest-Api.csproj", "{CC0882F5-9A2D-4084-A861-2D11665CB9B8}"
EndProject
Global
	GlobalSection(SolutionConfigurationPlatforms) = preSolution
		Debug|Any CPU = Debug|Any CPU
		Release|Any CPU = Release|Any CPU
	EndGlobalSection
	GlobalSection(ProjectConfigurationPlatforms) = postSolution
		{CC0882F5-9A2D-4084-A861-2D11665CB9B8}.Debug|Any CPU.ActiveCfg = Debug|Any CPU
		{CC0882F5-9A2D-4084-A861-2D11665CB9B8}.Debug|Any CPU.Build.0 = Debug|Any CPU
		{CC0882F5-9A2D-4084-A861-2D11665CB9B8}.Release|Any CPU.ActiveCfg = Release|Any CPU
		{CC0882F5-9A2D-4084-A861-2D11665CB9B8}.Release|Any CPU.Build.0 = Release|Any CPU
	EndGlobalSection
	GlobalSection(SolutionProperties) = preSolution
		HideSolutionNode = FALSE
	EndGlobalSection
	GlobalSection(ExtensibilityGlobals) = postSolution
		SolutionGuid = {601BF1A8-68DF-47DA-B4C5-43140225FB94}
	EndGlobalSection
EndGlobal
